
Microsoft Visual Studio Solution File, Format Version 12.00
# Visual Studio Version 17
VisualStudioVersion = 17.4.33213.308
MinimumVisualStudioVersion = 10.0.40219.1
Project("{FAE04EC0-301F-11D3-BF4B-00C04F79EFBC}") = "TPSAPI", "src\TPSAPI.csproj", "{34DF05F9-F966-4CCD-B900-B9D1516478AD}"
EndProject
Global
	GlobalSection(SolutionConfigurationPlatforms) = preSolution
		Debug|Any CPU = Debug|Any CPU
		Release|Any CPU = Release|Any CPU
	EndGlobalSection
	GlobalSection(ProjectConfigurationPlatforms) = postSolution
		{34DF05F9-F966-4CCD-B900-B9D1516478AD}.Debug|Any CPU.ActiveCfg = Debug|Any CPU
		{34DF05F9-F966-4CCD-B900-B9D1516478AD}.Debug|Any CPU.Build.0 = Debug|Any CPU
		{34DF05F9-F966-4CCD-B900-B9D1516478AD}.Release|Any CPU.ActiveCfg = Release|Any CPU
		{34DF05F9-F966-4CCD-B900-B9D1516478AD}.Release|Any CPU.Build.0 = Release|Any CPU
	EndGlobalSection
	GlobalSection(SolutionProperties) = preSolution
		HideSolutionNode = FALSE
	EndGlobalSection
	GlobalSection(ExtensibilityGlobals) = postSolution
		SolutionGuid = {3300C223-1B8E-481B-9231-66B329F00665}
	EndGlobalSection
EndGlobal
